{
  "name": "flyff_quests",
  "lockfileVersion": 3,
  "requires": true,
  "packages": {
    "": {
      "devDependencies": {
        "@symfony/reprise": "^1.3.0"
      }
    },
    "node_modules/@jridgewell/gen-mapping": {
      "version": "0.3.13",
      "dev": true,
      "license": "MIT",
      "dependencies": {
        "@jridgewell/sourcemap-codec": "^1.5.0",
        "@jridgewell/trace-mapping": "^0.3.24"
      }
    },
    "node_modules/@jridgewell/remapping": {
      "version": "2.3.5",
      "dev": true,
      "license": "MIT",
      "dependencies": {
        "@jridgewell/gen-mapping": "^0.3.5",
        "@jridgewell/trace-mapping": "^0.3.24"
      }
    },
    "node_modules/@jridgewell/resolve-uri": {
      "version": "3.1.2",
      "dev": true,
      "license": "MIT",
      "engines": {
        "node": ">=6.0.0"
      }
    },
    "node_modules/@jridgewell/sourcemap-codec": {
      "version": "1.6.0",
      "dev": true,
      "license": "MIT"
    },
    "node_modules/@jridgewell/trace-mapping": {
      "version": "0.3.31",
      "dev": true,
      "license": "MIT",
      "dependencies": {
        "@jridgewell/resolve-uri": "^3.1.0",
        "@jridgewell/sourcemap-codec": "^1.4.14"
      }
    },
    "node_modules/@symfony/reprise": {
      "version": "1.3.0",
      "resolved": "https://registry.npmjs.org/@symfony/reprise/-/reprise-1.3.0.tgz",
      "integrity": "sha512-o0+Fh68WDH5EFaLN2HN360TF7ZIkDMT+EGrSmjp2fjkAoD+hCJqSSBs0TNPxnXRdsrbTPm+VEkZBiqdk5js87Q==",
      "dev": true,
      "license": "MIT",
      "dependencies": {
        "unplugin": "^3.4.0"
      },
      "engines": {
        "node": "^22.18.0 || ^24.11.0 || >=26.0"
      },
      "peerDependencies": {
        "@hotwired/stimulus": ">=3",
        "@rsbuild/core": "^1.7.0 || ^2.0.0",
        "vite": "^7.0.0 || ^8.0.0"
      },
      "peerDependenciesMeta": {
        "@hotwired/stimulus": {
          "optional": true
        },
        "@rsbuild/core": {
          "optional": true
        },
        "vite": {
          "optional": true
        }
      }
    },
    "node_modules/picomatch": {
      "version": "4.0.7",
      "dev": true,
      "license": "MIT",
      "engines": {
        "node": ">=12"
      },
      "funding": {
        "url": "https://github.com/sponsors/jonschlinkert"
      }
    },
    "node_modules/unplugin": {
      "version": "3.4.0",
      "dev": true,
      "license": "MIT",
      "dependencies": {
        "@jridgewell/remapping": "^2.3.5",
        "picomatch": "^4.0.7",
        "webpack-virtual-modules": "^0.6.2"
      },
      "engines": {
        "node": "^20.19.0 || >=22.12.0"
      },
      "peerDependencies": {
        "@farmfe/core": "*",
        "@rsbuild/core": "*",
        "@rspack/core": "*",
        "bun-types-no-globals": "*",
        "esbuild": "*",
        "rolldown": "*",
        "rollup": "*",
        "unloader": "*",
        "vite": "*",
        "webpack": "*"
      },
      "peerDependenciesMeta": {
        "@farmfe/core": {
          "optional": true
        },
        "@rsbuild/core": {
          "optional": true
        },
        "@rspack/core": {
          "optional": true
        },
        "bun-types-no-globals": {
          "optional": true
        },
        "esbuild": {
          "optional": true
        },
        "rolldown": {
          "optional": true
        },
        "rollup": {
          "optional": true
        },
        "unloader": {
          "optional": true
        },
        "vite": {
          "optional": true
        },
        "webpack": {
          "optional": true
        }
      }
    },
    "node_modules/webpack-virtual-modules": {
      "version": "0.6.2",
      "dev": true,
      "license": "MIT"
    }
  }
}
